// !$*UTF8*$!
{
	archiveVersion = 1;
	classes = {
	};
	objectVersion = 56;
	objects = {

/* Begin PBXBuildFile section */
		9E0175102A154D2400FD473A /* AppDelegate.swift in Sources */ = {isa = PBXBuildFile; fileRef = 9E01750F2A154D2400FD473A /* AppDelegate.swift */; };
		9E0175192A154D2500FD473A /* Assets.xcassets in Resources */ = {isa = PBXBuildFile; fileRef = 9E0175182A154D2500FD473A /* Assets.xcassets */; };
		9E0175242A154D4500FD473A /* Simpson.json in Resources */ = {isa = PBXBuildFile; fileRef = 9E0175232A154D4500FD473A /* Simpson.json */; };
		9E0175282A154F5700FD473A /* Simpsons.swift in Sources */ = {isa = PBXBuildFile; fileRef = 9E0175272A154F5700FD473A /* Simpsons.swift */; };
		9E01752A2A1553F600FD473A /* Fixes.swift in Sources */ = {isa = PBXBuildFile; fileRef = 9E0175292A1553F600FD473A /* Fixes.swift */; };
		9E01752D2A15593D00FD473A /* SimpsonsDataManager.swift in Sources */ = {isa = PBXBuildFile; fileRef = 9E01752C2A15593D00FD473A /* SimpsonsDataManager.swift */; };
		9E0175302A155A9900FD473A /* SimpsonsListViewController.swift in Sources */ = {isa = PBXBuildFile; fileRef = 9E01752F2A155A9900FD473A /* SimpsonsListViewController.swift */; };
		9E0175332A155AC600FD473A /* SimpsonsViewModel.swift in Sources */ = {isa = PBXBuildFile; fileRef = 9E0175322A155AC600FD473A /* SimpsonsViewModel.swift */; };
		9E0175362A155B3300FD473A /* URLs.swift in Sources */ = {isa = PBXBuildFile; fileRef = 9E0175352A155B3300FD473A /* URLs.swift */; };
		9E9D2A642A15A07B001EDD52 /* SimpsonsTableViewCell.swift in Sources */ = {isa = PBXBuildFile; fileRef = 9E9D2A632A15A07B001EDD52 /* SimpsonsTableViewCell.swift */; };
		9E9D2A662A15B5FC001EDD52 /* DetailsViewController.swift in Sources */ = {isa = PBXBuildFile; fileRef = 9E9D2A652A15B5FC001EDD52 /* DetailsViewController.swift */; };
		9E9D2A682A15B64F001EDD52 /* DetailsViewModel.swift in Sources */ = {isa = PBXBuildFile; fileRef = 9E9D2A672A15B64F001EDD52 /* DetailsViewModel.swift */; };
		9E9D2A6B2A168F93001EDD52 /* SimpsonsCoordinator.swift in Sources */ = {isa = PBXBuildFile; fileRef = 9E9D2A6A2A168F93001EDD52 /* SimpsonsCoordinator.swift */; };
		9E9D2A6D2A17E345001EDD52 /* SimpsonsSplitViewController.swift in Sources */ = {isa = PBXBuildFile; fileRef = 9E9D2A6C2A17E345001EDD52 /* SimpsonsSplitViewController.swift */; };
		9E9D2A702A1829EA001EDD52 /* Kingfisher in Frameworks */ = {isa = PBXBuildFile; productRef = 9E9D2A6F2A1829EA001EDD52 /* Kingfisher */; };
		9E9D2A812A1841BD001EDD52 /* Assets.xcassets in Resources */ = {isa = PBXBuildFile; fileRef = 9E9D2A802A1841BD001EDD52 /* Assets.xcassets */; };
		9E9D2A892A1847F6001EDD52 /* Simpsons.swift in Sources */ = {isa = PBXBuildFile; fileRef = 9E0175272A154F5700FD473A /* Simpsons.swift */; };
		9E9D2A8A2A1847FB001EDD52 /* AppDelegate.swift in Sources */ = {isa = PBXBuildFile; fileRef = 9E01750F2A154D2400FD473A /* AppDelegate.swift */; };
		9E9D2A8B2A1847FF001EDD52 /* URLs.swift in Sources */ = {isa = PBXBuildFile; fileRef = 9E0175352A155B3300FD473A /* URLs.swift */; };
		9E9D2A8C2A184807001EDD52 /* SimpsonsCoordinator.swift in Sources */ = {isa = PBXBuildFile; fileRef = 9E9D2A6A2A168F93001EDD52 /* SimpsonsCoordinator.swift */; };
		9E9D2A8D2A184809001EDD52 /* SimpsonsDataManager.swift in Sources */ = {isa = PBXBuildFile; fileRef = 9E01752C2A15593D00FD473A /* SimpsonsDataManager.swift */; };
		9E9D2A8E2A18480E001EDD52 /* SimpsonsViewModel.swift in Sources */ = {isa = PBXBuildFile; fileRef = 9E0175322A155AC600FD473A /* SimpsonsViewModel.swift */; };
		9E9D2A8F2A184818001EDD52 /* DetailsViewModel.swift in Sources */ = {isa = PBXBuildFile; fileRef = 9E9D2A672A15B64F001EDD52 /* DetailsViewModel.swift */; };
		9E9D2A902A18481B001EDD52 /* SimpsonsListViewController.swift in Sources */ = {isa = PBXBuildFile; fileRef = 9E01752F2A155A9900FD473A /* SimpsonsListViewController.swift */; };
		9E9D2A912A18481F001EDD52 /* DetailsViewController.swift in Sources */ = {isa = PBXBuildFile; fileRef = 9E9D2A652A15B5FC001EDD52 /* DetailsViewController.swift */; };
		9E9D2A922A184822001EDD52 /* SimpsonsSplitViewController.swift in Sources */ = {isa = PBXBuildFile; fileRef = 9E9D2A6C2A17E345001EDD52 /* SimpsonsSplitViewController.swift */; };
		9E9D2A932A184824001EDD52 /* SimpsonsTableViewCell.swift in Sources */ = {isa = PBXBuildFile; fileRef = 9E9D2A632A15A07B001EDD52 /* SimpsonsTableViewCell.swift */; };
		9E9D2A952A1849F6001EDD52 /* Homer.plist in Resources */ = {isa = PBXBuildFile; fileRef = 9E9D2A942A1849F6001EDD52 /* Homer.plist */; };
		9E9D2A982A184BC1001EDD52 /* Wire.plist in Resources */ = {isa = PBXBuildFile; fileRef = 9E9D2A962A184A3D001EDD52 /* Wire.plist */; };
		9E9D2A9B2A18660A001EDD52 /* Kingfisher in Frameworks */ = {isa = PBXBuildFile; productRef = 9E9D2A9A2A18660A001EDD52 /* Kingfisher */; };
/* End PBXBuildFile section */

/* Begin PBXFileReference section */
		9E01750C2A154D2400FD473A /* RealEstateHomer.app */ = {isa = PBXFileReference; explicitFileType = wrapper.application; includeInIndex = 0; path = RealEstateHomer.app; sourceTree = BUILT_PRODUCTS_DIR; };
		9E01750F2A154D2400FD473A /* AppDelegate.swift */ = {isa = PBXFileReference; lastKnownFileType = sourcecode.swift; path = AppDelegate.swift; sourceTree = "<group>"; };
		9E0175182A154D2500FD473A /* Assets.xcassets */ = {isa = PBXFileReference; lastKnownFileType = folder.assetcatalog; path = Assets.xcassets; sourceTree = "<group>"; };
		9E01751D2A154D2500FD473A /* Info.plist */ = {isa = PBXFileReference; lastKnownFileType = text.plist.xml; path = Info.plist; sourceTree = "<group>"; };
		9E0175232A154D4500FD473A /* Simpson.json */ = {isa = PBXFileReference; lastKnownFileType = text.json; path = Simpson.json; sourceTree = "<group>"; };
		9E0175272A154F5700FD473A /* Simpsons.swift */ = {isa = PBXFileReference; lastKnownFileType = sourcecode.swift; path = Simpsons.swift; sourceTree = "<group>"; };
		9E0175292A1553F600FD473A /* Fixes.swift */ = {isa = PBXFileReference; lastKnownFileType = sourcecode.swift; path = Fixes.swift; sourceTree = "<group>"; };
		9E01752C2A15593D00FD473A /* SimpsonsDataManager.swift */ = {isa = PBXFileReference; lastKnownFileType = sourcecode.swift; path = SimpsonsDataManager.swift; sourceTree = "<group>"; };
		9E01752F2A155A9900FD473A /* SimpsonsListViewController.swift */ = {isa = PBXFileReference; lastKnownFileType = sourcecode.swift; path = SimpsonsListViewController.swift; sourceTree = "<group>"; };
		9E0175322A155AC600FD473A /* SimpsonsViewModel.swift */ = {isa = PBXFileReference; lastKnownFileType = sourcecode.swift; path = SimpsonsViewModel.swift; sourceTree = "<group>"; };
		9E0175352A155B3300FD473A /* URLs.swift */ = {isa = PBXFileReference; lastKnownFileType = sourcecode.swift; path = URLs.swift; sourceTree = "<group>"; };
		9E9D2A632A15A07B001EDD52 /* SimpsonsTableViewCell.swift */ = {isa = PBXFileReference; lastKnownFileType = sourcecode.swift; path = SimpsonsTableViewCell.swift; sourceTree = "<group>"; };
		9E9D2A652A15B5FC001EDD52 /* DetailsViewController.swift */ = {isa = PBXFileReference; lastKnownFileType = sourcecode.swift; path = DetailsViewController.swift; sourceTree = "<group>"; };
		9E9D2A672A15B64F001EDD52 /* DetailsViewModel.swift */ = {isa = PBXFileReference; lastKnownFileType = sourcecode.swift; path = DetailsViewModel.swift; sourceTree = "<group>"; };
		9E9D2A6A2A168F93001EDD52 /* SimpsonsCoordinator.swift */ = {isa = PBXFileReference; lastKnownFileType = sourcecode.swift; path = SimpsonsCoordinator.swift; sourceTree = "<group>"; };
		9E9D2A6C2A17E345001EDD52 /* SimpsonsSplitViewController.swift */ = {isa = PBXFileReference; lastKnownFileType = sourcecode.swift; path = SimpsonsSplitViewController.swift; sourceTree = "<group>"; };
		9E9D2A752A1841BC001EDD52 /* RealEstateWire.app */ = {isa = PBXFileReference; explicitFileType = wrapper.application; includeInIndex = 0; path = RealEstateWire.app; sourceTree = BUILT_PRODUCTS_DIR; };
		9E9D2A772A1841BC001EDD52 /* AppDelegate.swift */ = {isa = PBXFileReference; lastKnownFileType = sourcecode.swift; path = AppDelegate.swift; sourceTree = "<group>"; };
		9E9D2A802A1841BD001EDD52 /* Assets.xcassets */ = {isa = PBXFileReference; lastKnownFileType = folder.assetcatalog; path = Assets.xcassets; sourceTree = "<group>"; };
		9E9D2A852A1841BD001EDD52 /* Info.plist */ = {isa = PBXFileReference; lastKnownFileType = text.plist.xml; path = Info.plist; sourceTree = "<group>"; };
		9E9D2A942A1849F6001EDD52 /* Homer.plist */ = {isa = PBXFileReference; lastKnownFileType = text.plist.xml; name = Homer.plist; path = RealEstateHomer/Files/Homer.plist; sourceTree = SOURCE_ROOT; };
		9E9D2A962A184A3D001EDD52 /* Wire.plist */ = {isa = PBXFileReference; lastKnownFileType = text.plist.xml; path = Wire.plist; sourceTree = "<group>"; };
/* End PBXFileReference section */

/* Begin PBXFrameworksBuildPhase section */
		9E0175092A154D2400FD473A /* Frameworks */ = {
			isa = PBXFrameworksBuildPhase;
			buildActionMask = 2147483647;
			files = (
				9E9D2A702A1829EA001EDD52 /* Kingfisher in Frameworks */,
			);
			runOnlyForDeploymentPostprocessing = 0;
		};
		9E9D2A722A1841BC001EDD52 /* Frameworks */ = {
			isa = PBXFrameworksBuildPhase;
			buildActionMask = 2147483647;
			files = (
				9E9D2A9B2A18660A001EDD52 /* Kingfisher in Frameworks */,
			);
			runOnlyForDeploymentPostprocessing = 0;
		};
/* End PBXFrameworksBuildPhase section */

/* Begin PBXGroup section */
		9E0175032A154D2400FD473A = {
			isa = PBXGroup;
			children = (
				9E01750E2A154D2400FD473A /* RealEstateHomer */,
				9E9D2A762A1841BC001EDD52 /* RealEstateWire */,
				9E01750D2A154D2400FD473A /* Products */,
				9E9D2A992A18660A001EDD52 /* Frameworks */,
			);
			sourceTree = "<group>";
		};
		9E01750D2A154D2400FD473A /* Products */ = {
			isa = PBXGroup;
			children = (
				9E01750C2A154D2400FD473A /* RealEstateHomer.app */,
				9E9D2A752A1841BC001EDD52 /* RealEstateWire.app */,
			);
			name = Products;
			sourceTree = "<group>";
		};
		9E01750E2A154D2400FD473A /* RealEstateHomer */ = {
			isa = PBXGroup;
			children = (
				9E01751D2A154D2500FD473A /* Info.plist */,
				9E0175252A154D8600FD473A /* Files */,
				9E0175292A1553F600FD473A /* Fixes.swift */,
				9E0175182A154D2500FD473A /* Assets.xcassets */,
				9E01750F2A154D2400FD473A /* AppDelegate.swift */,
				9E0175342A155B1F00FD473A /* Tools */,
				9E0175262A154E5C00FD473A /* Model */,
				9E9D2A692A168F78001EDD52 /* Coordinator */,
				9E01752B2A15592200FD473A /* DataManager */,
				9E0175312A155AB400FD473A /* ViewModel */,
				9E01752E2A155A7100FD473A /* ViewControllers */,
				9E9D2A622A15A066001EDD52 /* Views */,
			);
			path = RealEstateHomer;
			sourceTree = "<group>";
		};
		9E0175252A154D8600FD473A /* Files */ = {
			isa = PBXGroup;
			children = (
				9E0175232A154D4500FD473A /* Simpson.json */,
				9E9D2A942A1849F6001EDD52 /* Homer.plist */,
				9E9D2A962A184A3D001EDD52 /* Wire.plist */,
			);
			path = Files;
			sourceTree = "<group>";
		};
		9E0175262A154E5C00FD473A /* Model */ = {
			isa = PBXGroup;
			children = (
				9E0175272A154F5700FD473A /* Simpsons.swift */,
			);
			path = Model;
			sourceTree = "<group>";
		};
		9E01752B2A15592200FD473A /* DataManager */ = {
			isa = PBXGroup;
			children = (
				9E01752C2A15593D00FD473A /* SimpsonsDataManager.swift */,
			);
			path = DataManager;
			sourceTree = "<group>";
		};
		9E01752E2A155A7100FD473A /* ViewControllers */ = {
			isa = PBXGroup;
			children = (
				9E01752F2A155A9900FD473A /* SimpsonsListViewController.swift */,
				9E9D2A652A15B5FC001EDD52 /* DetailsViewController.swift */,
				9E9D2A6C2A17E345001EDD52 /* SimpsonsSplitViewController.swift */,
			);
			path = ViewControllers;
			sourceTree = "<group>";
		};
		9E0175312A155AB400FD473A /* ViewModel */ = {
			isa = PBXGroup;
			children = (
				9E0175322A155AC600FD473A /* SimpsonsViewModel.swift */,
				9E9D2A672A15B64F001EDD52 /* DetailsViewModel.swift */,
			);
			path = ViewModel;
			sourceTree = "<group>";
		};
		9E0175342A155B1F00FD473A /* Tools */ = {
			isa = PBXGroup;
			children = (
				9E0175352A155B3300FD473A /* URLs.swift */,
			);
			path = Tools;
			sourceTree = "<group>";
		};
		9E9D2A622A15A066001EDD52 /* Views */ = {
			isa = PBXGroup;
			children = (
				9E9D2A632A15A07B001EDD52 /* SimpsonsTableViewCell.swift */,
			);
			path = Views;
			sourceTree = "<group>";
		};
		9E9D2A692A168F78001EDD52 /* Coordinator */ = {
			isa = PBXGroup;
			children = (
				9E9D2A6A2A168F93001EDD52 /* SimpsonsCoordinator.swift */,
			);
			path = Coordinator;
			sourceTree = "<group>";
		};
		9E9D2A762A1841BC001EDD52 /* RealEstateWire */ = {
			isa = PBXGroup;
			children = (
				9E9D2A772A1841BC001EDD52 /* AppDelegate.swift */,
				9E9D2A802A1841BD001EDD52 /* Assets.xcassets */,
				9E9D2A852A1841BD001EDD52 /* Info.plist */,
			);
			path = RealEstateWire;
			sourceTree = "<group>";
		};
		9E9D2A992A18660A001EDD52 /* Frameworks */ = {
			isa = PBXGroup;
			children = (
			);
			name = Frameworks;
			sourceTree = "<group>";
		};
/* End PBXGroup section */

/* Begin PBXNativeTarget section */
		9E01750B2A154D2400FD473A /* RealEstateHomer */ = {
			isa = PBXNativeTarget;
			buildConfigurationList = 9E0175202A154D2500FD473A /* Build configuration list for PBXNativeTarget "RealEstateHomer" */;
			buildPhases = (
				9E0175082A154D2400FD473A /* Sources */,
				9E0175092A154D2400FD473A /* Frameworks */,
				9E01750A2A154D2400FD473A /* Resources */,
			);
			buildRules = (
			);
			dependencies = (
			);
			name = RealEstateHomer;
			packageProductDependencies = (
				9E9D2A6F2A1829EA001EDD52 /* Kingfisher */,
			);
			productName = RealEstateHomer;
			productReference = 9E01750C2A154D2400FD473A /* RealEstateHomer.app */;
			productType = "com.apple.product-type.application";
		};
		9E9D2A742A1841BC001EDD52 /* RealEstateWire */ = {
			isa = PBXNativeTarget;
			buildConfigurationList = 9E9D2A862A1841BD001EDD52 /* Build configuration list for PBXNativeTarget "RealEstateWire" */;
			buildPhases = (
				9E9D2A712A1841BC001EDD52 /* Sources */,
				9E9D2A722A1841BC001EDD52 /* Frameworks */,
				9E9D2A732A1841BC001EDD52 /* Resources */,
			);
			buildRules = (
			);
			dependencies = (
			);
			name = RealEstateWire;
			packageProductDependencies = (
				9E9D2A9A2A18660A001EDD52 /* Kingfisher */,
			);
			productName = RealEstateWire;
			productReference = 9E9D2A752A1841BC001EDD52 /* RealEstateWire.app */;
			productType = "com.apple.product-type.application";
		};
/* End PBXNativeTarget section */

/* Begin PBXProject section */
		9E0175042A154D2400FD473A /* Project object */ = {
			isa = PBXProject;
			attributes = {
				BuildIndependentTargetsInParallel = 1;
				LastSwiftUpdateCheck = 1410;
				LastUpgradeCheck = 1410;
				TargetAttributes = {
					9E01750B2A154D2400FD473A = {
						CreatedOnToolsVersion = 14.1;
					};
					9E9D2A742A1841BC001EDD52 = {
						CreatedOnToolsVersion = 14.1;
					};
				};
			};
			buildConfigurationList = 9E0175072A154D2400FD473A /* Build configuration list for PBXProject "RealEstateHomer" */;
			compatibilityVersion = "Xcode 14.0";
			developmentRegion = en;
			hasScannedForEncodings = 0;
			knownRegions = (
				en,
				Base,
			);
			mainGroup = 9E0175032A154D2400FD473A;
			packageReferences = (
				9E9D2A6E2A1829EA001EDD52 /* XCRemoteSwiftPackageReference "Kingfisher" */,
			);
			productRefGroup = 9E01750D2A154D2400FD473A /* Products */;
			projectDirPath = "";
			projectRoot = "";
			targets = (
				9E01750B2A154D2400FD473A /* RealEstateHomer */,
				9E9D2A742A1841BC001EDD52 /* RealEstateWire */,
			);
		};
/* End PBXProject section */

/* Begin PBXResourcesBuildPhase section */
		9E01750A2A154D2400FD473A /* Resources */ = {
			isa = PBXResourcesBuildPhase;
			buildActionMask = 2147483647;
			files = (
				9E9D2A952A1849F6001EDD52 /* Homer.plist in Resources */,
				9E0175192A154D2500FD473A /* Assets.xcassets in Resources */,
				9E0175242A154D4500FD473A /* Simpson.json in Resources */,
			);
			runOnlyForDeploymentPostprocessing = 0;
		};
		9E9D2A732A1841BC001EDD52 /* Resources */ = {
			isa = PBXResourcesBuildPhase;
			buildActionMask = 2147483647;
			files = (
				9E9D2A812A1841BD001EDD52 /* Assets.xcassets in Resources */,
				9E9D2A982A184BC1001EDD52 /* Wire.plist in Resources */,
			);
			runOnlyForDeploymentPostprocessing = 0;
		};
/* End PBXResourcesBuildPhase section */

/* Begin PBXSourcesBuildPhase section */
		9E0175082A154D2400FD473A /* Sources */ = {
			isa = PBXSourcesBuildPhase;
			buildActionMask = 2147483647;
			files = (
				9E9D2A6B2A168F93001EDD52 /* SimpsonsCoordinator.swift in Sources */,
				9E9D2A6D2A17E345001EDD52 /* SimpsonsSplitViewController.swift in Sources */,
				9E9D2A642A15A07B001EDD52 /* SimpsonsTableViewCell.swift in Sources */,
				9E0175302A155A9900FD473A /* SimpsonsListViewController.swift in Sources */,
				9E0175362A155B3300FD473A /* URLs.swift in Sources */,
				9E0175332A155AC600FD473A /* SimpsonsViewModel.swift in Sources */,
				9E0175282A154F5700FD473A /* Simpsons.swift in Sources */,
				9E0175102A154D2400FD473A /* AppDelegate.swift in Sources */,
				9E9D2A682A15B64F001EDD52 /* DetailsViewModel.swift in Sources */,
				9E01752D2A15593D00FD473A /* SimpsonsDataManager.swift in Sources */,
				9E01752A2A1553F600FD473A /* Fixes.swift in Sources */,
				9E9D2A662A15B5FC001EDD52 /* DetailsViewController.swift in Sources */,
			);
			runOnlyForDeploymentPostprocessing = 0;
		};
		9E9D2A712A1841BC001EDD52 /* Sources */ = {
			isa = PBXSourcesBuildPhase;
			buildActionMask = 2147483647;
			files = (
				9E9D2A922A184822001EDD52 /* SimpsonsSplitViewController.swift in Sources */,
				9E9D2A8B2A1847FF001EDD52 /* URLs.swift in Sources */,
				9E9D2A932A184824001EDD52 /* SimpsonsTableViewCell.swift in Sources */,
				9E9D2A892A1847F6001EDD52 /* Simpsons.swift in Sources */,
				9E9D2A8A2A1847FB001EDD52 /* AppDelegate.swift in Sources */,
				9E9D2A8D2A184809001EDD52 /* SimpsonsDataManager.swift in Sources */,
				9E9D2A8E2A18480E001EDD52 /* SimpsonsViewModel.swift in Sources */,
				9E9D2A8F2A184818001EDD52 /* DetailsViewModel.swift in Sources */,
				9E9D2A902A18481B001EDD52 /* SimpsonsListViewController.swift in Sources */,
				9E9D2A8C2A184807001EDD52 /* SimpsonsCoordinator.swift in Sources */,
				9E9D2A912A18481F001EDD52 /* DetailsViewController.swift in Sources */,
			);
			runOnlyForDeploymentPostprocessing = 0;
		};
/* End PBXSourcesBuildPhase section */

/* Begin XCBuildConfiguration section */
		9E01751E2A154D2500FD473A /* Debug */ = {
			isa = XCBuildConfiguration;
			buildSettings = {
				ALWAYS_SEARCH_USER_PATHS = NO;
				CLANG_ANALYZER_NONNULL = YES;
				CLANG_ANALYZER_NUMBER_OBJECT_CONVERSION = YES_AGGRESSIVE;
				CLANG_CXX_LANGUAGE_STANDARD = "gnu++20";
				CLANG_ENABLE_MODULES = YES;
				CLANG_ENABLE_OBJC_ARC = YES;
				CLANG_ENABLE_OBJC_WEAK = YES;
				CLANG_WARN_BLOCK_CAPTURE_AUTORELEASING = YES;
				CLANG_WARN_BOOL_CONVERSION = YES;
				CLANG_WARN_COMMA = YES;
				CLANG_WARN_CONSTANT_CONVERSION = YES;
				CLANG_WARN_DEPRECATED_OBJC_IMPLEMENTATIONS = YES;
				CLANG_WARN_DIRECT_OBJC_ISA_USAGE = YES_ERROR;
				CLANG_WARN_DOCUMENTATION_COMMENTS = YES;
				CLANG_WARN_EMPTY_BODY = YES;
				CLANG_WARN_ENUM_CONVERSION = YES;
				CLANG_WARN_INFINITE_RECURSION = YES;
				CLANG_WARN_INT_CONVERSION = YES;
				CLANG_WARN_NON_LITERAL_NULL_CONVERSION = YES;
				CLANG_WARN_OBJC_IMPLICIT_RETAIN_SELF = YES;
				CLANG_WARN_OBJC_LITERAL_CONVERSION = YES;
				CLANG_WARN_OBJC_ROOT_CLASS = YES_ERROR;
				CLANG_WARN_QUOTED_INCLUDE_IN_FRAMEWORK_HEADER = YES;
				CLANG_WARN_RANGE_LOOP_ANALYSIS = YES;
				CLANG_WARN_STRICT_PROTOTYPES = YES;
				CLANG_WARN_SUSPICIOUS_MOVE = YES;
				CLANG_WARN_UNGUARDED_AVAILABILITY = YES_AGGRESSIVE;
				CLANG_WARN_UNREACHABLE_CODE = YES;
				CLANG_WARN__DUPLICATE_METHOD_MATCH = YES;
				COPY_PHASE_STRIP = NO;
				DEBUG_INFORMATION_FORMAT = dwarf;
				ENABLE_STRICT_OBJC_MSGSEND = YES;
				ENABLE_TESTABILITY = YES;
				GCC_C_LANGUAGE_STANDARD = gnu11;
				GCC_DYNAMIC_NO_PIC = NO;
				GCC_NO_COMMON_BLOCKS = YES;
				GCC_OPTIMIZATION_LEVEL = 0;
				GCC_PREPROCESSOR_DEFINITIONS = (
					"DEBUG=1",
					"$(inherited)",
				);
				GCC_WARN_64_TO_32_BIT_CONVERSION = YES;
				GCC_WARN_ABOUT_RETURN_TYPE = YES_ERROR;
				GCC_WARN_UNDECLARED_SELECTOR = YES;
				GCC_WARN_UNINITIALIZED_AUTOS = YES_AGGRESSIVE;
				GCC_WARN_UNUSED_FUNCTION = YES;
				GCC_WARN_UNUSED_VARIABLE = YES;
				IPHONEOS_DEPLOYMENT_TARGET = 16.1;
				MTL_ENABLE_DEBUG_INFO = INCLUDE_SOURCE;
				MTL_FAST_MATH = YES;
				ONLY_ACTIVE_ARCH = YES;
				SDKROOT = iphoneos;
				SWIFT_ACTIVE_COMPILATION_CONDITIONS = DEBUG;
				SWIFT_OPTIMIZATION_LEVEL = "-Onone";
			};
			name = Debug;
		};
		9E01751F2A154D2500FD473A /* Release */ = {
			isa = XCBuildConfiguration;
			buildSettings = {
				ALWAYS_SEARCH_USER_PATHS = NO;
				CLANG_ANALYZER_NONNULL = YES;
				CLANG_ANALYZER_NUMBER_OBJECT_CONVERSION = YES_AGGRESSIVE;
				CLANG_CXX_LANGUAGE_STANDARD = "gnu++20";
				CLANG_ENABLE_MODULES = YES;
				CLANG_ENABLE_OBJC_ARC = YES;
				CLANG_ENABLE_OBJC_WEAK = YES;
				CLANG_WARN_BLOCK_CAPTURE_AUTORELEASING = YES;
				CLANG_WARN_BOOL_CONVERSION = YES;
				CLANG_WARN_COMMA = YES;
				CLANG_WARN_CONSTANT_CONVERSION = YES;
				CLANG_WARN_DEPRECATED_OBJC_IMPLEMENTATIONS = YES;
				CLANG_WARN_DIRECT_OBJC_ISA_USAGE = YES_ERROR;
				CLANG_WARN_DOCUMENTATION_COMMENTS = YES;
				CLANG_WARN_EMPTY_BODY = YES;
				CLANG_WARN_ENUM_CONVERSION = YES;
				CLANG_WARN_INFINITE_RECURSION = YES;
				CLANG_WARN_INT_CONVERSION = YES;
				CLANG_WARN_NON_LITERAL_NULL_CONVERSION = YES;
				CLANG_WARN_OBJC_IMPLICIT_RETAIN_SELF = YES;
				CLANG_WARN_OBJC_LITERAL_CONVERSION = YES;
				CLANG_WARN_OBJC_ROOT_CLASS = YES_ERROR;
				CLANG_WARN_QUOTED_INCLUDE_IN_FRAMEWORK_HEADER = YES;
				CLANG_WARN_RANGE_LOOP_ANALYSIS = YES;
				CLANG_WARN_STRICT_PROTOTYPES = YES;
				CLANG_WARN_SUSPICIOUS_MOVE = YES;
				CLANG_WARN_UNGUARDED_AVAILABILITY = YES_AGGRESSIVE;
				CLANG_WARN_UNREACHABLE_CODE = YES;
				CLANG_WARN__DUPLICATE_METHOD_MATCH = YES;
				COPY_PHASE_STRIP = NO;
				DEBUG_INFORMATION_FORMAT = "dwarf-with-dsym";
				ENABLE_NS_ASSERTIONS = NO;
				ENABLE_STRICT_OBJC_MSGSEND = YES;
				GCC_C_LANGUAGE_STANDARD = gnu11;
				GCC_NO_COMMON_BLOCKS = YES;
				GCC_WARN_64_TO_32_BIT_CONVERSION = YES;
				GCC_WARN_ABOUT_RETURN_TYPE = YES_ERROR;
				GCC_WARN_UNDECLARED_SELECTOR = YES;
				GCC_WARN_UNINITIALIZED_AUTOS = YES_AGGRESSIVE;
				GCC_WARN_UNUSED_FUNCTION = YES;
				GCC_WARN_UNUSED_VARIABLE = YES;
				IPHONEOS_DEPLOYMENT_TARGET = 16.1;
				MTL_ENABLE_DEBUG_INFO = NO;
				MTL_FAST_MATH = YES;
				SDKROOT = iphoneos;
				SWIFT_COMPILATION_MODE = wholemodule;
				SWIFT_OPTIMIZATION_LEVEL = "-O";
				VALIDATE_PRODUCT = YES;
			};
			name = Release;
		};
		9E0175212A154D2500FD473A /* Debug */ = {
			isa = XCBuildConfiguration;
			buildSettings = {
				ASSETCATALOG_COMPILER_APPICON_NAME = AppIcon;
				ASSETCATALOG_COMPILER_GLOBAL_ACCENT_COLOR_NAME = AccentColor;
				CODE_SIGN_STYLE = Automatic;
				CONFIGURATION_PLIST = Files/Homer.plist;
				CURRENT_PROJECT_VERSION = 1;
				DEVELOPMENT_TEAM = MDPY9LF665;
				GENERATE_INFOPLIST_FILE = YES;
				INFOPLIST_FILE = RealEstateHomer/Info.plist;
				INFOPLIST_KEY_CFBundleDisplayName = RealEstateHomer;
				INFOPLIST_KEY_UIApplicationSupportsIndirectInputEvents = YES;
				INFOPLIST_KEY_UILaunchStoryboardName = LaunchScreen;
				INFOPLIST_KEY_UIStatusBarStyle = "";
				INFOPLIST_KEY_UISupportedInterfaceOrientations_iPad = "UIInterfaceOrientationPortrait UIInterfaceOrientationPortraitUpsideDown UIInterfaceOrientationLandscapeLeft UIInterfaceOrientationLandscapeRight";
				INFOPLIST_KEY_UISupportedInterfaceOrientations_iPhone = "UIInterfaceOrientationPortrait UIInterfaceOrientationLandscapeLeft UIInterfaceOrientationLandscapeRight";
				LD_RUNPATH_SEARCH_PATHS = (
					"$(inherited)",
					"@executable_path/Frameworks",
				);
				MARKETING_VERSION = 1.0;
				PRODUCT_BUNDLE_IDENTIFIER = com.Primike.RealEstateHomer;
				PRODUCT_NAME = "$(TARGET_NAME)";
				SWIFT_EMIT_LOC_STRINGS = YES;
				SWIFT_VERSION = 5.0;
				TARGETED_DEVICE_FAMILY = "1,2";
			};
			name = Debug;
		};
		9E0175222A154D2500FD473A /* Release */ = {
			isa = XCBuildConfiguration;
			buildSettings = {
				ASSETCATALOG_COMPILER_APPICON_NAME = AppIcon;
				ASSETCATALOG_COMPILER_GLOBAL_ACCENT_COLOR_NAME = AccentColor;
				CODE_SIGN_STYLE = Automatic;
				CONFIGURATION_PLIST = Files/Homer.plist;
				CURRENT_PROJECT_VERSION = 1;
				DEVELOPMENT_TEAM = MDPY9LF665;
				GENERATE_INFOPLIST_FILE = YES;
				INFOPLIST_FILE = RealEstateHomer/Info.plist;
				INFOPLIST_KEY_CFBundleDisplayName = RealEstateHomer;
				INFOPLIST_KEY_UIApplicationSupportsIndirectInputEvents = YES;
				INFOPLIST_KEY_UILaunchStoryboardName = LaunchScreen;
				INFOPLIST_KEY_UIStatusBarStyle = "";
				INFOPLIST_KEY_UISupportedInterfaceOrientations_iPad = "UIInterfaceOrientationPortrait UIInterfaceOrientationPortraitUpsideDown UIInterfaceOrientationLandscapeLeft UIInterfaceOrientationLandscapeRight";
				INFOPLIST_KEY_UISupportedInterfaceOrientations_iPhone = "UIInterfaceOrientationPortrait UIInterfaceOrientationLandscapeLeft UIInterfaceOrientationLandscapeRight";
				LD_RUNPATH_SEARCH_PATHS = (
					"$(inherited)",
					"@executable_path/Frameworks",
				);
				MARKETING_VERSION = 1.0;
				PRODUCT_BUNDLE_IDENTIFIER = com.Primike.RealEstateHomer;
				PRODUCT_NAME = "$(TARGET_NAME)";
				SWIFT_EMIT_LOC_STRINGS = YES;
				SWIFT_VERSION = 5.0;
				TARGETED_DEVICE_FAMILY = "1,2";
			};
			name = Release;
		};
		9E9D2A872A1841BD001EDD52 /* Debug */ = {
			isa = XCBuildConfiguration;
			buildSettings = {
				ASSETCATALOG_COMPILER_APPICON_NAME = AppIcon;
				ASSETCATALOG_COMPILER_GLOBAL_ACCENT_COLOR_NAME = AccentColor;
				CODE_SIGN_STYLE = Automatic;
				CONFIGURATION_PLIST = Files/Wire.plist;
				CURRENT_PROJECT_VERSION = 1;
				DEVELOPMENT_TEAM = MDPY9LF665;
				GENERATE_INFOPLIST_FILE = YES;
				INFOPLIST_FILE = RealEstateWire/Info.plist;
				INFOPLIST_KEY_CFBundleDisplayName = RealEstateWire;
				INFOPLIST_KEY_UIApplicationSupportsIndirectInputEvents = YES;
				INFOPLIST_KEY_UILaunchStoryboardName = LaunchScreen;
				INFOPLIST_KEY_UIStatusBarStyle = "";
				INFOPLIST_KEY_UISupportedInterfaceOrientations_iPad = "UIInterfaceOrientationPortrait UIInterfaceOrientationPortraitUpsideDown UIInterfaceOrientationLandscapeLeft UIInterfaceOrientationLandscapeRight";
				INFOPLIST_KEY_UISupportedInterfaceOrientations_iPhone = "UIInterfaceOrientationPortrait UIInterfaceOrientationLandscapeLeft UIInterfaceOrientationLandscapeRight";
				LD_RUNPATH_SEARCH_PATHS = (
					"$(inherited)",
					"@executable_path/Frameworks",
				);
				MARKETING_VERSION = 1.0;
				PRODUCT_BUNDLE_IDENTIFIER = com.Primike.RealEstateWire;
				PRODUCT_NAME = "$(TARGET_NAME)";
				SWIFT_EMIT_LOC_STRINGS = YES;
				SWIFT_VERSION = 5.0;
				TARGETED_DEVICE_FAMILY = "1,2";
			};
			name = Debug;
		};
		9E9D2A882A1841BD001EDD52 /* Release */ = {
			isa = XCBuildConfiguration;
			buildSettings = {
				ASSETCATALOG_COMPILER_APPICON_NAME = AppIcon;
				ASSETCATALOG_COMPILER_GLOBAL_ACCENT_COLOR_NAME = AccentColor;
				CODE_SIGN_STYLE = Automatic;
				CONFIGURATION_PLIST = Files/Wire.plist;
				CURRENT_PROJECT_VERSION = 1;
				DEVELOPMENT_TEAM = MDPY9LF665;
				GENERATE_INFOPLIST_FILE = YES;
				INFOPLIST_FILE = RealEstateWire/Info.plist;
				INFOPLIST_KEY_CFBundleDisplayName = RealEstateWire;
				INFOPLIST_KEY_UIApplicationSupportsIndirectInputEvents = YES;
				INFOPLIST_KEY_UILaunchStoryboardName = LaunchScreen;
				INFOPLIST_KEY_UIStatusBarStyle = "";
				INFOPLIST_KEY_UISupportedInterfaceOrientations_iPad = "UIInterfaceOrientationPortrait UIInterfaceOrientationPortraitUpsideDown UIInterfaceOrientationLandscapeLeft UIInterfaceOrientationLandscapeRight";
				INFOPLIST_KEY_UISupportedInterfaceOrientations_iPhone = "UIInterfaceOrientationPortrait UIInterfaceOrientationLandscapeLeft UIInterfaceOrientationLandscapeRight";
				LD_RUNPATH_SEARCH_PATHS = (
					"$(inherited)",
					"@executable_path/Frameworks",
				);
				MARKETING_VERSION = 1.0;
				PRODUCT_BUNDLE_IDENTIFIER = com.Primike.RealEstateWire;
				PRODUCT_NAME = "$(TARGET_NAME)";
				SWIFT_EMIT_LOC_STRINGS = YES;
				SWIFT_VERSION = 5.0;
				TARGETED_DEVICE_FAMILY = "1,2";
			};
			name = Release;
		};
/* End XCBuildConfiguration section */

/* Begin XCConfigurationList section */
		9E0175072A154D2400FD473A /* Build configuration list for PBXProject "RealEstateHomer" */ = {
			isa = XCConfigurationList;
			buildConfigurations = (
				9E01751E2A154D2500FD473A /* Debug */,
				9E01751F2A154D2500FD473A /* Release */,
			);
			defaultConfigurationIsVisible = 0;
			defaultConfigurationName = Release;
		};
		9E0175202A154D2500FD473A /* Build configuration list for PBXNativeTarget "RealEstateHomer" */ = {
			isa = XCConfigurationList;
			buildConfigurations = (
				9E0175212A154D2500FD473A /* Debug */,
				9E0175222A154D2500FD473A /* Release */,
			);
			defaultConfigurationIsVisible = 0;
			defaultConfigurationName = Release;
		};
		9E9D2A862A1841BD001EDD52 /* Build configuration list for PBXNativeTarget "RealEstateWire" */ = {
			isa = XCConfigurationList;
			buildConfigurations = (
				9E9D2A872A1841BD001EDD52 /* Debug */,
				9E9D2A882A1841BD001EDD52 /* Release */,
			);
			defaultConfigurationIsVisible = 0;
			defaultConfigurationName = Release;
		};
/* End XCConfigurationList section */

/* Begin XCRemoteSwiftPackageReference section */
		9E9D2A6E2A1829EA001EDD52 /* XCRemoteSwiftPackageReference "Kingfisher" */ = {
			isa = XCRemoteSwiftPackageReference;
			repositoryURL = "https://github.com/onevcat/Kingfisher.git";
			requirement = {
				branch = master;
				kind = branch;
			};
		};
/* End XCRemoteSwiftPackageReference section */

/* Begin XCSwiftPackageProductDependency section */
		9E9D2A6F2A1829EA001EDD52 /* Kingfisher */ = {
			isa = XCSwiftPackageProductDependency;
			package = 9E9D2A6E2A1829EA001EDD52 /* XCRemoteSwiftPackageReference "Kingfisher" */;
			productName = Kingfisher;
		};
		9E9D2A9A2A18660A001EDD52 /* Kingfisher */ = {
			isa = XCSwiftPackageProductDependency;
			package = 9E9D2A6E2A1829EA001EDD52 /* XCRemoteSwiftPackageReference "Kingfisher" */;
			productName = Kingfisher;
		};
/* End XCSwiftPackageProductDependency section */
	};
	rootObject = 9E0175042A154D2400FD473A /* Project object */;
}
